<?xml version="1.0" encoding="UTF-8"?>
<Scheme
   version = "1.3">
   <BuildAction>
      <BuildActionEntries>
         <BuildActionEntry
            buildForRunning = "YES">
            <BuildableReference
               BuildableIdentifier = "primary"
               BlueprintIdentifier = "354E01C625D41427005CCD2D"
               BuildableName = "rpodmp-6.app"
               BlueprintName = "rpodmp-6"
               ReferencedContainer = "container:rpodmp-6.xcodeproj">
            </BuildableReference>
         </BuildActionEntry>
      </BuildActionEntries>
   </BuildAction>
   <LaunchAction
      useCustomWorkingDirectory = "NO"
      buildConfiguration = "Debug"
      allowLocationSimulation = "YES">
      <BuildableProductRunnable>
         <BuildableReference
            BuildableIdentifier = "primary"
            BlueprintIdentifier = "354E01C625D41427005CCD2D"
            BuildableName = "rpodmp-6.app"
            BlueprintName = "rpodmp-6"
            ReferencedContainer = "container:rpodmp-6.xcodeproj">
         </BuildableReference>
      </BuildableProductRunnable>
   </LaunchAction>
</Scheme>
